# This file is automatically @generated by Cargo.
# It is not intended for manual editing.
version = 4

[[package]]
name = "limit-agent"
version = "0.1.0"

[[package]]
name = "limit-cli"
version = "0.1.0"

[[package]]
name = "limit-llm"
version = "0.1.0"

[[package]]
name = "limit-tui"
version = "0.1.0"
